
Microsoft Visual Studio Solution File, Format Version 12.00
# Visual Studio Version 17
VisualStudioVersion = 17.5.002.0
MinimumVisualStudioVersion = 10.0.40219.1
Project("{9A19103F-16F7-4668-BE54-9A1E7A4F7556}") = "ProjectoFinal", "ProjectoFinal.csproj", "{00E937C4-CFFD-41D9-8195-B3FC9C526120}"
EndProject
Global
	GlobalSection(SolutionConfigurationPlatforms) = preSolution
		Debug|Any CPU = Debug|Any CPU
		Release|Any CPU = Release|Any CPU
	EndGlobalSection
	GlobalSection(ProjectConfigurationPlatforms) = postSolution
		{00E937C4-CFFD-41D9-8195-B3FC9C526120}.Debug|Any CPU.ActiveCfg = Debug|Any CPU
		{00E937C4-CFFD-41D9-8195-B3FC9C526120}.Debug|Any CPU.Build.0 = Debug|Any CPU
		{00E937C4-CFFD-41D9-8195-B3FC9C526120}.Release|Any CPU.ActiveCfg = Release|Any CPU
		{00E937C4-CFFD-41D9-8195-B3FC9C526120}.Release|Any CPU.Build.0 = Release|Any CPU
	EndGlobalSection
	GlobalSection(SolutionProperties) = preSolution
		HideSolutionNode = FALSE
	EndGlobalSection
	GlobalSection(ExtensibilityGlobals) = postSolution
		SolutionGuid = {BF880D87-8474-4FD7-97E5-67F9FA878A68}
	EndGlobalSection
EndGlobal
